// !$*UTF8*$!
{
	archiveVersion = 1;
	classes = {
	};
	objectVersion = 52;
	objects = {

/* Begin PBXBuildFile section */
		0128F2D2AA8E43D7ABA3F00C /* Diagnostic_Bluetooth.m in Sources */ = {isa = PBXBuildFile; fileRef = 5D0B4516018E469088C573AE /* Diagnostic_Bluetooth.m */; };
		0207DA581B56EA530066E2B4 /* Assets.xcassets in Resources */ = {isa = PBXBuildFile; fileRef = 0207DA571B56EA530066E2B4 /* Assets.xcassets */; };
		0A2EE581086245BEA4EFE877 /* CoreBluetooth.framework in Frameworks */ = {isa = PBXBuildFile; fileRef = 01A64A4B2847488AAACA110A /* CoreBluetooth.framework */; };
		0F42D7E9A28046AD9CF460BA /* CDVWKWebViewUIDelegate.m in Sources */ = {isa = PBXBuildFile; fileRef = 542CA9718F164460A03F2A39 /* CDVWKWebViewUIDelegate.m */; };
		1D3623260D0F684500981E51 /* AppDelegate.m in Sources */ = {isa = PBXBuildFile; fileRef = 1D3623250D0F684500981E51 /* AppDelegate.m */; };
		1D60589B0D05DD56006BFB54 /* main.m in Sources */ = {isa = PBXBuildFile; fileRef = 29B97316FDCFA39411CA2CEA /* main.m */; };
		21734A3319A74522B07A644C /* Diagnostic_Notifications.m in Sources */ = {isa = PBXBuildFile; fileRef = C2E5E3F6C15C47779EEC8CB3 /* Diagnostic_Notifications.m */; };
		28E2D5B92AA84779ACFB961A /* EventKit.framework in Frameworks */ = {isa = PBXBuildFile; fileRef = D9DA6FDFA71148BC94443EAA /* EventKit.framework */; };
		301BF552109A68D80062928A /* libCordova.a in Frameworks */ = {isa = PBXBuildFile; fileRef = 301BF535109A57CC0062928A /* libCordova.a */; settings = {ATTRIBUTES = (Required, ); }; };
		302D95F114D2391D003F00A1 /* MainViewController.m in Sources */ = {isa = PBXBuildFile; fileRef = 302D95EF14D2391D003F00A1 /* MainViewController.m */; };
		302D95F214D2391D003F00A1 /* MainViewController.xib in Resources */ = {isa = PBXBuildFile; fileRef = 302D95F014D2391D003F00A1 /* MainViewController.xib */; };
		327B69BD92FC489996237EA8 /* Diagnostic_Motion.m in Sources */ = {isa = PBXBuildFile; fileRef = 42EB76EAFED04EF6A483D025 /* Diagnostic_Motion.m */; };
		3A5A46FB3F0B475DB4331C66 /* Diagnostic.m in Sources */ = {isa = PBXBuildFile; fileRef = 77B08983CA78404F807E3818 /* Diagnostic.m */; };
		48D503DD92C0E6D21B4792DA /* Pods________.framework in Frameworks */ = {isa = PBXBuildFile; fileRef = B08676D4B96F2F4F13E2E3DF /* Pods________.framework */; };
		4E5D809796C046F499860D3D /* Diagnostic_Contacts.m in Sources */ = {isa = PBXBuildFile; fileRef = 573933FF7A614C749E183D26 /* Diagnostic_Contacts.m */; };
		4E7CA2B6272ABB0D00177EF9 /* config.xml in Copy Staging Resources */ = {isa = PBXBuildFile; fileRef = F840E1F0165FE0F500CFE078 /* config.xml */; };
		4E7CA2B7272ABB0D00177EF9 /* www in Copy Staging Resources */ = {isa = PBXBuildFile; fileRef = 301BF56E109A69640062928A /* www */; };
		5305815E3EB846B994448AA6 /* CDVStatusBar.m in Sources */ = {isa = PBXBuildFile; fileRef = 8941E924EC1B486C9FE2074D /* CDVStatusBar.m */; };
		5E0AAECA90C442BFAF2D4160 /* CDVConnection.m in Sources */ = {isa = PBXBuildFile; fileRef = 4E3A6B132948458088793713 /* CDVConnection.m */; };
		5FCEB1D0001E4186B1930C57 /* AddressBook.framework in Frameworks */ = {isa = PBXBuildFile; fileRef = 31ED8842AA7D4BF38283B414 /* AddressBook.framework */; };
		652AE9CD021942A9A4105DE5 /* CDVReachability.m in Sources */ = {isa = PBXBuildFile; fileRef = ABDBFE74F6564D5C8354BF2E /* CDVReachability.m */; };
		68871110E1FB4CC785FD62C0 /* CDVWKProcessPoolFactory.m in Sources */ = {isa = PBXBuildFile; fileRef = 02AD2D49AC68403FB3B102BE /* CDVWKProcessPoolFactory.m */; };
		6AFF5BF91D6E424B00AB3073 /* CDVLaunchScreen.storyboard in Resources */ = {isa = PBXBuildFile; fileRef = 6AFF5BF81D6E424B00AB3073 /* CDVLaunchScreen.storyboard */; };
		6F58C82804724AD1849E82A5 /* FirebasePlugin.m in Sources */ = {isa = PBXBuildFile; fileRef = EF1D223D0AEC499FA2F66EB2 /* FirebasePlugin.m */; };
		716FCEDA789B46D7A5D9B564 /* Diagnostic_Calendar.m in Sources */ = {isa = PBXBuildFile; fileRef = 6A5C33C3528B4A3587ED0D2B /* Diagnostic_Calendar.m */; };
		76932D6731214A84B5E0F8A3 /* CDVLocation.m in Sources */ = {isa = PBXBuildFile; fileRef = DE8A988F03C94825AAB6EEDA /* CDVLocation.m */; };
		7C013545B55B4851B46014C6 /* SystemConfiguration.framework in Frameworks */ = {isa = PBXBuildFile; fileRef = C9C3F01DA5064F0DB1CD9F52 /* SystemConfiguration.framework */; settings = {ATTRIBUTES = (Weak, ); }; };
		8D30B0B852054FE990A35758 /* WebKit.framework in Frameworks */ = {isa = PBXBuildFile; fileRef = 398FE69EF8F44463A8FBBA68 /* WebKit.framework */; settings = {ATTRIBUTES = (Weak, ); }; };
		8EBA432BFC4D4A94B9B219C6 /* RequestLocationAccuracy.m in Sources */ = {isa = PBXBuildFile; fileRef = 85C0C73EA0434AFAAD8ECE20 /* RequestLocationAccuracy.m */; };
		8F552764BC91477082AE440A /* FirebasePluginMessageReceiverManager.m in Sources */ = {isa = PBXBuildFile; fileRef = 9144CEF561584334B799165D /* FirebasePluginMessageReceiverManager.m */; };
		902EED88179F4B4F90680397 /* FirebasePluginMessageReceiver.m in Sources */ = {isa = PBXBuildFile; fileRef = 6B9A76C722B74E5489E8F812 /* FirebasePluginMessageReceiver.m */; };
		A3ED1DE0B1F44400953E2DB5 /* GoogleService-Info.plist in Resources */ = {isa = PBXBuildFile; fileRef = 87B54242308E411C93C4837C /* GoogleService-Info.plist */; };
		ADDB5CE1185A4E49A3E68371 /* PhotosUI.framework in Frameworks */ = {isa = PBXBuildFile; fileRef = 406D2C2040FF4A968077A1CE /* PhotosUI.framework */; };
		B6428E06C0C44B9BAD06ED3E /* CoreLocation.framework in Frameworks */ = {isa = PBXBuildFile; fileRef = 01FA1674F7FF4AC5A8075D48 /* CoreLocation.framework */; };
		BC9B41426FB844E2A5DC1359 /* Diagnostic_Microphone.m in Sources */ = {isa = PBXBuildFile; fileRef = 25D3CBF3F1974522BA079009 /* Diagnostic_Microphone.m */; };
		BD8F5B13AB0348D48D48422F /* Diagnostic_Location.m in Sources */ = {isa = PBXBuildFile; fileRef = 0B3B4602B0524DC7A2C48873 /* Diagnostic_Location.m */; };
		C5BFF101692C480C99918E5F /* Contacts.framework in Frameworks */ = {isa = PBXBuildFile; fileRef = C8B74A148220401F87C979DB /* Contacts.framework */; };
		CB1E91D04C8641869E935F15 /* IONAssetHandler.m in Sources */ = {isa = PBXBuildFile; fileRef = A2FC9601EDDC49319207CB97 /* IONAssetHandler.m */; };
		CCF14EB3570C4B2EBF1B3713 /* Diagnostic_Reminders.m in Sources */ = {isa = PBXBuildFile; fileRef = 33C4DC4A8581460C833C662C /* Diagnostic_Reminders.m */; };
		D123E869DBCF412EBEB98FB5 /* AVFoundation.framework in Frameworks */ = {isa = PBXBuildFile; fileRef = A0226A6A41A34F4C84298C1F /* AVFoundation.framework */; };
		D147C2B744AD4E1D9A6048BF /* Diagnostic_Wifi.m in Sources */ = {isa = PBXBuildFile; fileRef = 9C9381A30F3D4EB694D69EA6 /* Diagnostic_Wifi.m */; };
		E78EF11E3A764EEF8F2CB92F /* CDVWKWebViewEngine.m in Sources */ = {isa = PBXBuildFile; fileRef = A177BC2E252E4407BD84B5C5 /* CDVWKWebViewEngine.m */; };
		E88ACA1C49144F538AD68A1E /* Photos.framework in Frameworks */ = {isa = PBXBuildFile; fileRef = F2A0D166F9614F7AB971FE41 /* Photos.framework */; };
		E8B2E375B57B4BD8B71872C0 /* CoreMotion.framework in Frameworks */ = {isa = PBXBuildFile; fileRef = 03FB267B0372440B94AD4A6D /* CoreMotion.framework */; };
		EACE269E7ED64F61A833FB35 /* Diagnostic_Camera.m in Sources */ = {isa = PBXBuildFile; fileRef = 59999A0FC2BF47D6A9DE49D6 /* Diagnostic_Camera.m */; };
		EAD82C412B4D4F45B4322EF4 /* AppDelegate+FirebasePlugin.m in Sources */ = {isa = PBXBuildFile; fileRef = 6BC15F4B0E054FE182600BE6 /* AppDelegate+FirebasePlugin.m */; };
		F1AD864DF6B2412999026209 /* UserNotifications.framework in Frameworks */ = {isa = PBXBuildFile; fileRef = 71F5FE28F9594B72B491E0AD /* UserNotifications.framework */; };
		F1DF63FF07054059819C03C9 /* CDVIonicKeyboard.m in Sources */ = {isa = PBXBuildFile; fileRef = 1C1BFEBD0B98416AB06C8B8A /* CDVIonicKeyboard.m */; };
		F27478608D36417DB98D2EC2 /* AuthenticationServices.framework in Frameworks */ = {isa = PBXBuildFile; fileRef = 3FE24D9B41FF4C67BA951281 /* AuthenticationServices.framework */; };
		F3C7A553E46E4F84AD9C803C /* CDVDevice.m in Sources */ = {isa = PBXBuildFile; fileRef = 318AE3FAE9BB4CE69E2EAE32 /* CDVDevice.m */; };
		F725976C314A4160B09EC6BB /* CoreTelephony.framework in Frameworks */ = {isa = PBXBuildFile; fileRef = BB0FD3BE328649BE92CB30BA /* CoreTelephony.framework */; };
/* End PBXBuildFile section */

/* Begin PBXContainerItemProxy section */
		301BF534109A57CC0062928A /* PBXContainerItemProxy */ = {
			isa = PBXContainerItemProxy;
			containerPortal = 301BF52D109A57CC0062928A /* CordovaLib.xcodeproj */;
			proxyType = 2;
			remoteGlobalIDString = D2AAC07E0554694100DB518D;
			remoteInfo = CordovaLib;
		};
		301BF550109A68C00062928A /* PBXContainerItemProxy */ = {
			isa = PBXContainerItemProxy;
			containerPortal = 301BF52D109A57CC0062928A /* CordovaLib.xcodeproj */;
			proxyType = 1;
			remoteGlobalIDString = D2AAC07D0554694100DB518D;
			remoteInfo = CordovaLib;
		};
		907D8123214C687600058A10 /* PBXContainerItemProxy */ = {
			isa = PBXContainerItemProxy;
			containerPortal = 301BF52D109A57CC0062928A /* CordovaLib.xcodeproj */;
			proxyType = 2;
			remoteGlobalIDString = C0C01EB21E3911D50056E6CB;
			remoteInfo = Cordova;
		};
/* End PBXContainerItemProxy section */

/* Begin PBXCopyFilesBuildPhase section */
		857339E32710CC9700A1C74C /* Copy Staging Resources */ = {
			isa = PBXCopyFilesBuildPhase;
			buildActionMask = 2147483647;
			dstPath = "";
			dstSubfolderSpec = 7;
			files = (
				4E7CA2B6272ABB0D00177EF9 /* config.xml in Copy Staging Resources */,
				4E7CA2B7272ABB0D00177EF9 /* www in Copy Staging Resources */,
			);
			name = "Copy Staging Resources";
			runOnlyForDeploymentPostprocessing = 0;
		};
/* End PBXCopyFilesBuildPhase section */

/* Begin PBXFileReference section */
		01A64A4B2847488AAACA110A /* CoreBluetooth.framework */ = {isa = PBXFileReference; explicitFileType = undefined; fileEncoding = 9; includeInIndex = 0; lastKnownFileType = wrapper.framework; name = CoreBluetooth.framework; path = System/Library/Frameworks/CoreBluetooth.framework; sourceTree = SDKROOT; };
		01FA1674F7FF4AC5A8075D48 /* CoreLocation.framework */ = {isa = PBXFileReference; explicitFileType = undefined; fileEncoding = 9; includeInIndex = 0; lastKnownFileType = wrapper.framework; name = CoreLocation.framework; path = System/Library/Frameworks/CoreLocation.framework; sourceTree = SDKROOT; };
		0207DA571B56EA530066E2B4 /* Assets.xcassets */ = {isa = PBXFileReference; lastKnownFileType = folder.assetcatalog; path = Assets.xcassets; sourceTree = "<group>"; };
		02AD2D49AC68403FB3B102BE /* CDVWKProcessPoolFactory.m */ = {isa = PBXFileReference; explicitFileType = undefined; fileEncoding = 4; includeInIndex = 0; lastKnownFileType = sourcecode.c.objc; name = CDVWKProcessPoolFactory.m; path = "cordova-plugin-ionic-webview-signosoft-fork/CDVWKProcessPoolFactory.m"; sourceTree = "<group>"; };
		03FB267B0372440B94AD4A6D /* CoreMotion.framework */ = {isa = PBXFileReference; explicitFileType = undefined; fileEncoding = 9; includeInIndex = 0; lastKnownFileType = wrapper.framework; name = CoreMotion.framework; path = System/Library/Frameworks/CoreMotion.framework; sourceTree = SDKROOT; };
		07220E88637146DB808B105C /* Diagnostic_Contacts.h */ = {isa = PBXFileReference; explicitFileType = undefined; fileEncoding = 4; includeInIndex = 0; lastKnownFileType = sourcecode.c.h; name = Diagnostic_Contacts.h; path = cordova.plugins.diagnostic/Diagnostic_Contacts.h; sourceTree = "<group>"; };
		07F45414C4D5475DB41F4F6D /* FirebasePluginMessageReceiver.h */ = {isa = PBXFileReference; explicitFileType = undefined; fileEncoding = 4; includeInIndex = 0; lastKnownFileType = sourcecode.c.h; name = FirebasePluginMessageReceiver.h; path = "cordova-plugin-firebasex/FirebasePluginMessageReceiver.h"; sourceTree = "<group>"; };
		0B3B4602B0524DC7A2C48873 /* Diagnostic_Location.m */ = {isa = PBXFileReference; explicitFileType = undefined; fileEncoding = 4; includeInIndex = 0; lastKnownFileType = sourcecode.c.objc; name = Diagnostic_Location.m; path = cordova.plugins.diagnostic/Diagnostic_Location.m; sourceTree = "<group>"; };
		1C1BFEBD0B98416AB06C8B8A /* CDVIonicKeyboard.m */ = {isa = PBXFileReference; explicitFileType = undefined; fileEncoding = 4; includeInIndex = 0; lastKnownFileType = sourcecode.c.objc; name = CDVIonicKeyboard.m; path = "cordova-plugin-ionic-keyboard/CDVIonicKeyboard.m"; sourceTree = "<group>"; };
		1D3623240D0F684500981E51 /* AppDelegate.h */ = {isa = PBXFileReference; fileEncoding = 4; lastKnownFileType = sourcecode.c.h; path = AppDelegate.h; sourceTree = "<group>"; };
		1D3623250D0F684500981E51 /* AppDelegate.m */ = {isa = PBXFileReference; fileEncoding = 4; lastKnownFileType = sourcecode.c.objc; path = AppDelegate.m; sourceTree = "<group>"; };
		1D6058910D05DD3D006BFB54 /* ЭКАДАШИ.app */ = {isa = PBXFileReference; explicitFileType = wrapper.application; includeInIndex = 0; path = "ЭКАДАШИ.app"; sourceTree = BUILT_PRODUCTS_DIR; };
		2066FEA85BCA410C97C945E3 /* Diagnostic_Location.h */ = {isa = PBXFileReference; explicitFileType = undefined; fileEncoding = 4; includeInIndex = 0; lastKnownFileType = sourcecode.c.h; name = Diagnostic_Location.h; path = cordova.plugins.diagnostic/Diagnostic_Location.h; sourceTree = "<group>"; };
		213BA23876D246C28B4817AF /* CDVWKProcessPoolFactory.h */ = {isa = PBXFileReference; explicitFileType = undefined; fileEncoding = 4; includeInIndex = 0; lastKnownFileType = sourcecode.c.h; name = CDVWKProcessPoolFactory.h; path = "cordova-plugin-ionic-webview-signosoft-fork/CDVWKProcessPoolFactory.h"; sourceTree = "<group>"; };
		25D3CBF3F1974522BA079009 /* Diagnostic_Microphone.m */ = {isa = PBXFileReference; explicitFileType = undefined; fileEncoding = 4; includeInIndex = 0; lastKnownFileType = sourcecode.c.objc; name = Diagnostic_Microphone.m; path = cordova.plugins.diagnostic/Diagnostic_Microphone.m; sourceTree = "<group>"; };
		29B97316FDCFA39411CA2CEA /* main.m */ = {isa = PBXFileReference; fileEncoding = 4; lastKnownFileType = sourcecode.c.objc; path = main.m; sourceTree = "<group>"; };
		2AB82D8901BB4EA7B82A148F /* CDVDevice.h */ = {isa = PBXFileReference; explicitFileType = undefined; fileEncoding = 4; includeInIndex = 0; lastKnownFileType = sourcecode.c.h; name = CDVDevice.h; path = "cordova-plugin-device/CDVDevice.h"; sourceTree = "<group>"; };
		301BF52D109A57CC0062928A /* CordovaLib.xcodeproj */ = {isa = PBXFileReference; lastKnownFileType = "wrapper.pb-project"; name = CordovaLib.xcodeproj; path = CordovaLib/CordovaLib.xcodeproj; sourceTree = "<group>"; };
		301BF56E109A69640062928A /* www */ = {isa = PBXFileReference; lastKnownFileType = folder; path = www; sourceTree = SOURCE_ROOT; };
		302D95EE14D2391D003F00A1 /* MainViewController.h */ = {isa = PBXFileReference; fileEncoding = 4; lastKnownFileType = sourcecode.c.h; path = MainViewController.h; sourceTree = "<group>"; };
		302D95EF14D2391D003F00A1 /* MainViewController.m */ = {isa = PBXFileReference; fileEncoding = 4; lastKnownFileType = sourcecode.c.objc; path = MainViewController.m; sourceTree = "<group>"; };
		302D95F014D2391D003F00A1 /* MainViewController.xib */ = {isa = PBXFileReference; fileEncoding = 4; lastKnownFileType = file.xib; path = MainViewController.xib; sourceTree = "<group>"; };
		3047A50F1AB8059700498E2A /* build-debug.xcconfig */ = {isa = PBXFileReference; fileEncoding = 4; lastKnownFileType = text.xcconfig; name = "build-debug.xcconfig"; path = "cordova/build-debug.xcconfig"; sourceTree = SOURCE_ROOT; };
		3047A5101AB8059700498E2A /* build-release.xcconfig */ = {isa = PBXFileReference; fileEncoding = 4; lastKnownFileType = text.xcconfig; name = "build-release.xcconfig"; path = "cordova/build-release.xcconfig"; sourceTree = SOURCE_ROOT; };
		3047A5111AB8059700498E2A /* build.xcconfig */ = {isa = PBXFileReference; fileEncoding = 4; lastKnownFileType = text.xcconfig; name = build.xcconfig; path = cordova/build.xcconfig; sourceTree = SOURCE_ROOT; };
		306125487D9548F67239DFFF /* Pods-ЭКАДАШИ.debug.xcconfig */ = {isa = PBXFileReference; includeInIndex = 1; lastKnownFileType = text.xcconfig; name = "Pods-ЭКАДАШИ.debug.xcconfig"; path = "Target Support Files/Pods-ЭКАДАШИ/Pods-ЭКАДАШИ.debug.xcconfig"; sourceTree = "<group>"; };
		318AE3FAE9BB4CE69E2EAE32 /* CDVDevice.m */ = {isa = PBXFileReference; explicitFileType = undefined; fileEncoding = 4; includeInIndex = 0; lastKnownFileType = sourcecode.c.objc; name = CDVDevice.m; path = "cordova-plugin-device/CDVDevice.m"; sourceTree = "<group>"; };
		31ED8842AA7D4BF38283B414 /* AddressBook.framework */ = {isa = PBXFileReference; explicitFileType = undefined; fileEncoding = 9; includeInIndex = 0; lastKnownFileType = wrapper.framework; name = AddressBook.framework; path = System/Library/Frameworks/AddressBook.framework; sourceTree = SDKROOT; };
		32CA4F630368D1EE00C91783 /* ЭКАДАШИ-Prefix.pch */ = {isa = PBXFileReference; fileEncoding = 4; lastKnownFileType = sourcecode.c.h; path = "ЭКАДАШИ-Prefix.pch"; sourceTree = "<group>"; };
		33C4DC4A8581460C833C662C /* Diagnostic_Reminders.m */ = {isa = PBXFileReference; explicitFileType = undefined; fileEncoding = 4; includeInIndex = 0; lastKnownFileType = sourcecode.c.objc; name = Diagnostic_Reminders.m; path = cordova.plugins.diagnostic/Diagnostic_Reminders.m; sourceTree = "<group>"; };
		398FE69EF8F44463A8FBBA68 /* WebKit.framework */ = {isa = PBXFileReference; explicitFileType = undefined; fileEncoding = 9; includeInIndex = 0; lastKnownFileType = wrapper.framework; name = WebKit.framework; path = System/Library/Frameworks/WebKit.framework; sourceTree = SDKROOT; };
		3FE24D9B41FF4C67BA951281 /* AuthenticationServices.framework */ = {isa = PBXFileReference; explicitFileType = undefined; fileEncoding = 9; includeInIndex = 0; lastKnownFileType = wrapper.framework; name = AuthenticationServices.framework; path = System/Library/Frameworks/AuthenticationServices.framework; sourceTree = SDKROOT; };
		406D2C2040FF4A968077A1CE /* PhotosUI.framework */ = {isa = PBXFileReference; explicitFileType = undefined; fileEncoding = 9; includeInIndex = 0; lastKnownFileType = wrapper.framework; name = PhotosUI.framework; path = System/Library/Frameworks/PhotosUI.framework; sourceTree = SDKROOT; };
		41E82C59067749A8913D3161 /* FirebasePluginMessageReceiverManager.h */ = {isa = PBXFileReference; explicitFileType = undefined; fileEncoding = 4; includeInIndex = 0; lastKnownFileType = sourcecode.c.h; name = FirebasePluginMessageReceiverManager.h; path = "cordova-plugin-firebasex/FirebasePluginMessageReceiverManager.h"; sourceTree = "<group>"; };
		42EB76EAFED04EF6A483D025 /* Diagnostic_Motion.m */ = {isa = PBXFileReference; explicitFileType = undefined; fileEncoding = 4; includeInIndex = 0; lastKnownFileType = sourcecode.c.objc; name = Diagnostic_Motion.m; path = cordova.plugins.diagnostic/Diagnostic_Motion.m; sourceTree = "<group>"; };
		48C3721827ED4641BE669B6F /* Diagnostic_Notifications.h */ = {isa = PBXFileReference; explicitFileType = undefined; fileEncoding = 4; includeInIndex = 0; lastKnownFileType = sourcecode.c.h; name = Diagnostic_Notifications.h; path = cordova.plugins.diagnostic/Diagnostic_Notifications.h; sourceTree = "<group>"; };
		49A14350A5C14077B51515AB /* FirebasePlugin.h */ = {isa = PBXFileReference; explicitFileType = undefined; fileEncoding = 4; includeInIndex = 0; lastKnownFileType = sourcecode.c.h; name = FirebasePlugin.h; path = "cordova-plugin-firebasex/FirebasePlugin.h"; sourceTree = "<group>"; };
		4B82611DA34745DCA09AD625 /* Diagnostic_Reminders.h */ = {isa = PBXFileReference; explicitFileType = undefined; fileEncoding = 4; includeInIndex = 0; lastKnownFileType = sourcecode.c.h; name = Diagnostic_Reminders.h; path = cordova.plugins.diagnostic/Diagnostic_Reminders.h; sourceTree = "<group>"; };
		4E3A6B132948458088793713 /* CDVConnection.m */ = {isa = PBXFileReference; explicitFileType = undefined; fileEncoding = 4; includeInIndex = 0; lastKnownFileType = sourcecode.c.objc; name = CDVConnection.m; path = "cordova-plugin-network-information/CDVConnection.m"; sourceTree = "<group>"; };
		4EA26DB017894BD9A51FAD15 /* CDVStatusBar.h */ = {isa = PBXFileReference; explicitFileType = undefined; fileEncoding = 4; includeInIndex = 0; lastKnownFileType = sourcecode.c.h; name = CDVStatusBar.h; path = "cordova-plugin-statusbar/CDVStatusBar.h"; sourceTree = "<group>"; };
		4EE1ECCF2AAE493FB56FA458 /* CDVWKWebViewUIDelegate.h */ = {isa = PBXFileReference; explicitFileType = undefined; fileEncoding = 4; includeInIndex = 0; lastKnownFileType = sourcecode.c.h; name = CDVWKWebViewUIDelegate.h; path = "cordova-plugin-ionic-webview-signosoft-fork/CDVWKWebViewUIDelegate.h"; sourceTree = "<group>"; };
		542CA9718F164460A03F2A39 /* CDVWKWebViewUIDelegate.m */ = {isa = PBXFileReference; explicitFileType = undefined; fileEncoding = 4; includeInIndex = 0; lastKnownFileType = sourcecode.c.objc; name = CDVWKWebViewUIDelegate.m; path = "cordova-plugin-ionic-webview-signosoft-fork/CDVWKWebViewUIDelegate.m"; sourceTree = "<group>"; };
		573933FF7A614C749E183D26 /* Diagnostic_Contacts.m */ = {isa = PBXFileReference; explicitFileType = undefined; fileEncoding = 4; includeInIndex = 0; lastKnownFileType = sourcecode.c.objc; name = Diagnostic_Contacts.m; path = cordova.plugins.diagnostic/Diagnostic_Contacts.m; sourceTree = "<group>"; };
		585553DF59314D0499432C0F /* Diagnostic_Camera.h */ = {isa = PBXFileReference; explicitFileType = undefined; fileEncoding = 4; includeInIndex = 0; lastKnownFileType = sourcecode.c.h; name = Diagnostic_Camera.h; path = cordova.plugins.diagnostic/Diagnostic_Camera.h; sourceTree = "<group>"; };
		59999A0FC2BF47D6A9DE49D6 /* Diagnostic_Camera.m */ = {isa = PBXFileReference; explicitFileType = undefined; fileEncoding = 4; includeInIndex = 0; lastKnownFileType = sourcecode.c.objc; name = Diagnostic_Camera.m; path = cordova.plugins.diagnostic/Diagnostic_Camera.m; sourceTree = "<group>"; };
		5D0B4516018E469088C573AE /* Diagnostic_Bluetooth.m */ = {isa = PBXFileReference; explicitFileType = undefined; fileEncoding = 4; includeInIndex = 0; lastKnownFileType = sourcecode.c.objc; name = Diagnostic_Bluetooth.m; path = cordova.plugins.diagnostic/Diagnostic_Bluetooth.m; sourceTree = "<group>"; };
		6762DC48F62A4077A7BE07E1 /* CDVLocation.h */ = {isa = PBXFileReference; explicitFileType = undefined; fileEncoding = 4; includeInIndex = 0; lastKnownFileType = sourcecode.c.h; name = CDVLocation.h; path = "cordova-plugin-geolocation/CDVLocation.h"; sourceTree = "<group>"; };
		6A5C33C3528B4A3587ED0D2B /* Diagnostic_Calendar.m */ = {isa = PBXFileReference; explicitFileType = undefined; fileEncoding = 4; includeInIndex = 0; lastKnownFileType = sourcecode.c.objc; name = Diagnostic_Calendar.m; path = cordova.plugins.diagnostic/Diagnostic_Calendar.m; sourceTree = "<group>"; };
		6AFF5BF81D6E424B00AB3073 /* CDVLaunchScreen.storyboard */ = {isa = PBXFileReference; fileEncoding = 4; lastKnownFileType = file.storyboard; path = CDVLaunchScreen.storyboard; sourceTree = "<group>"; };
		6B9A76C722B74E5489E8F812 /* FirebasePluginMessageReceiver.m */ = {isa = PBXFileReference; explicitFileType = undefined; fileEncoding = 4; includeInIndex = 0; lastKnownFileType = sourcecode.c.objc; name = FirebasePluginMessageReceiver.m; path = "cordova-plugin-firebasex/FirebasePluginMessageReceiver.m"; sourceTree = "<group>"; };
		6BC15F4B0E054FE182600BE6 /* AppDelegate+FirebasePlugin.m */ = {isa = PBXFileReference; explicitFileType = undefined; fileEncoding = 4; includeInIndex = 0; lastKnownFileType = sourcecode.c.objc; name = "AppDelegate+FirebasePlugin.m"; path = "cordova-plugin-firebasex/AppDelegate+FirebasePlugin.m"; sourceTree = "<group>"; };
		71F5FE28F9594B72B491E0AD /* UserNotifications.framework */ = {isa = PBXFileReference; explicitFileType = undefined; fileEncoding = 9; includeInIndex = 0; lastKnownFileType = wrapper.framework; name = UserNotifications.framework; path = System/Library/Frameworks/UserNotifications.framework; sourceTree = SDKROOT; };
		77B08983CA78404F807E3818 /* Diagnostic.m */ = {isa = PBXFileReference; explicitFileType = undefined; fileEncoding = 4; includeInIndex = 0; lastKnownFileType = sourcecode.c.objc; name = Diagnostic.m; path = cordova.plugins.diagnostic/Diagnostic.m; sourceTree = "<group>"; };
		85C0C73EA0434AFAAD8ECE20 /* RequestLocationAccuracy.m */ = {isa = PBXFileReference; explicitFileType = undefined; fileEncoding = 4; includeInIndex = 0; lastKnownFileType = sourcecode.c.objc; name = RequestLocationAccuracy.m; path = "cordova-plugin-request-location-accuracy/RequestLocationAccuracy.m"; sourceTree = "<group>"; };
		85D978CB01384C33AE72453B /* RequestLocationAccuracy.h */ = {isa = PBXFileReference; explicitFileType = undefined; fileEncoding = 4; includeInIndex = 0; lastKnownFileType = sourcecode.c.h; name = RequestLocationAccuracy.h; path = "cordova-plugin-request-location-accuracy/RequestLocationAccuracy.h"; sourceTree = "<group>"; };
		87B54242308E411C93C4837C /* GoogleService-Info.plist */ = {isa = PBXFileReference; explicitFileType = undefined; fileEncoding = 4; includeInIndex = 0; lastKnownFileType = text.plist.xml; path = "GoogleService-Info.plist"; sourceTree = "<group>"; };
		8941E924EC1B486C9FE2074D /* CDVStatusBar.m */ = {isa = PBXFileReference; explicitFileType = undefined; fileEncoding = 4; includeInIndex = 0; lastKnownFileType = sourcecode.c.objc; name = CDVStatusBar.m; path = "cordova-plugin-statusbar/CDVStatusBar.m"; sourceTree = "<group>"; };
		8D1107310486CEB800E47090 /* ЭКАДАШИ-Info.plist */ = {isa = PBXFileReference; fileEncoding = 4; lastKnownFileType = text.plist.xml; path = "ЭКАДАШИ-Info.plist"; plistStructureDefinitionIdentifier = "com.apple.xcode.plist.structure-definition.iphone.info-plist"; sourceTree = "<group>"; };
		9144CEF561584334B799165D /* FirebasePluginMessageReceiverManager.m */ = {isa = PBXFileReference; explicitFileType = undefined; fileEncoding = 4; includeInIndex = 0; lastKnownFileType = sourcecode.c.objc; name = FirebasePluginMessageReceiverManager.m; path = "cordova-plugin-firebasex/FirebasePluginMessageReceiverManager.m"; sourceTree = "<group>"; };
		99F1BD1E84D546B981E7CE42 /* IONAssetHandler.h */ = {isa = PBXFileReference; explicitFileType = undefined; fileEncoding = 4; includeInIndex = 0; lastKnownFileType = sourcecode.c.h; name = IONAssetHandler.h; path = "cordova-plugin-ionic-webview-signosoft-fork/IONAssetHandler.h"; sourceTree = "<group>"; };
		9AB08B2817FB200AA3920DD0 /* Pods-ЭКАДАШИ.release.xcconfig */ = {isa = PBXFileReference; includeInIndex = 1; lastKnownFileType = text.xcconfig; name = "Pods-ЭКАДАШИ.release.xcconfig"; path = "Target Support Files/Pods-ЭКАДАШИ/Pods-ЭКАДАШИ.release.xcconfig"; sourceTree = "<group>"; };
		9C9381A30F3D4EB694D69EA6 /* Diagnostic_Wifi.m */ = {isa = PBXFileReference; explicitFileType = undefined; fileEncoding = 4; includeInIndex = 0; lastKnownFileType = sourcecode.c.objc; name = Diagnostic_Wifi.m; path = cordova.plugins.diagnostic/Diagnostic_Wifi.m; sourceTree = "<group>"; };
		A0226A6A41A34F4C84298C1F /* AVFoundation.framework */ = {isa = PBXFileReference; explicitFileType = undefined; fileEncoding = 9; includeInIndex = 0; lastKnownFileType = wrapper.framework; name = AVFoundation.framework; path = System/Library/Frameworks/AVFoundation.framework; sourceTree = SDKROOT; };
		A177BC2E252E4407BD84B5C5 /* CDVWKWebViewEngine.m */ = {isa = PBXFileReference; explicitFileType = undefined; fileEncoding = 4; includeInIndex = 0; lastKnownFileType = sourcecode.c.objc; name = CDVWKWebViewEngine.m; path = "cordova-plugin-ionic-webview-signosoft-fork/CDVWKWebViewEngine.m"; sourceTree = "<group>"; };
		A2FC9601EDDC49319207CB97 /* IONAssetHandler.m */ = {isa = PBXFileReference; explicitFileType = undefined; fileEncoding = 4; includeInIndex = 0; lastKnownFileType = sourcecode.c.objc; name = IONAssetHandler.m; path = "cordova-plugin-ionic-webview-signosoft-fork/IONAssetHandler.m"; sourceTree = "<group>"; };
		ABDBFE74F6564D5C8354BF2E /* CDVReachability.m */ = {isa = PBXFileReference; explicitFileType = undefined; fileEncoding = 4; includeInIndex = 0; lastKnownFileType = sourcecode.c.objc; name = CDVReachability.m; path = "cordova-plugin-network-information/CDVReachability.m"; sourceTree = "<group>"; };
		B08676D4B96F2F4F13E2E3DF /* Pods________.framework */ = {isa = PBXFileReference; explicitFileType = wrapper.framework; includeInIndex = 0; path = "Pods________.framework"; sourceTree = BUILT_PRODUCTS_DIR; };
		B69DE23D927A4F14B5C6A922 /* Diagnostic_Microphone.h */ = {isa = PBXFileReference; explicitFileType = undefined; fileEncoding = 4; includeInIndex = 0; lastKnownFileType = sourcecode.c.h; name = Diagnostic_Microphone.h; path = cordova.plugins.diagnostic/Diagnostic_Microphone.h; sourceTree = "<group>"; };
		B9C46C5AB71E4EEBBC461B68 /* Diagnostic_Bluetooth.h */ = {isa = PBXFileReference; explicitFileType = undefined; fileEncoding = 4; includeInIndex = 0; lastKnownFileType = sourcecode.c.h; name = Diagnostic_Bluetooth.h; path = cordova.plugins.diagnostic/Diagnostic_Bluetooth.h; sourceTree = "<group>"; };
		BB0FD3BE328649BE92CB30BA /* CoreTelephony.framework */ = {isa = PBXFileReference; explicitFileType = undefined; fileEncoding = 9; includeInIndex = 0; lastKnownFileType = wrapper.framework; name = CoreTelephony.framework; path = System/Library/Frameworks/CoreTelephony.framework; sourceTree = SDKROOT; };
		BBBC84B8A5E645238C05E8DB /* CDVReachability.h */ = {isa = PBXFileReference; explicitFileType = undefined; fileEncoding = 4; includeInIndex = 0; lastKnownFileType = sourcecode.c.h; name = CDVReachability.h; path = "cordova-plugin-network-information/CDVReachability.h"; sourceTree = "<group>"; };
		C01EDFBA344A46049B138245 /* Diagnostic_Wifi.h */ = {isa = PBXFileReference; explicitFileType = undefined; fileEncoding = 4; includeInIndex = 0; lastKnownFileType = sourcecode.c.h; name = Diagnostic_Wifi.h; path = cordova.plugins.diagnostic/Diagnostic_Wifi.h; sourceTree = "<group>"; };
		C2E5E3F6C15C47779EEC8CB3 /* Diagnostic_Notifications.m */ = {isa = PBXFileReference; explicitFileType = undefined; fileEncoding = 4; includeInIndex = 0; lastKnownFileType = sourcecode.c.objc; name = Diagnostic_Notifications.m; path = cordova.plugins.diagnostic/Diagnostic_Notifications.m; sourceTree = "<group>"; };
		C8B74A148220401F87C979DB /* Contacts.framework */ = {isa = PBXFileReference; explicitFileType = undefined; fileEncoding = 9; includeInIndex = 0; lastKnownFileType = wrapper.framework; name = Contacts.framework; path = System/Library/Frameworks/Contacts.framework; sourceTree = SDKROOT; };
		C8CDFB57DF2B4D6692DB4D13 /* CDVWKWebViewEngine.h */ = {isa = PBXFileReference; explicitFileType = undefined; fileEncoding = 4; includeInIndex = 0; lastKnownFileType = sourcecode.c.h; name = CDVWKWebViewEngine.h; path = "cordova-plugin-ionic-webview-signosoft-fork/CDVWKWebViewEngine.h"; sourceTree = "<group>"; };
		C9C3F01DA5064F0DB1CD9F52 /* SystemConfiguration.framework */ = {isa = PBXFileReference; explicitFileType = undefined; fileEncoding = 9; includeInIndex = 0; lastKnownFileType = wrapper.framework; name = SystemConfiguration.framework; path = System/Library/Frameworks/SystemConfiguration.framework; sourceTree = SDKROOT; };
		CE0121507CD44302BC0FDE7D /* Diagnostic_Calendar.h */ = {isa = PBXFileReference; explicitFileType = undefined; fileEncoding = 4; includeInIndex = 0; lastKnownFileType = sourcecode.c.h; name = Diagnostic_Calendar.h; path = cordova.plugins.diagnostic/Diagnostic_Calendar.h; sourceTree = "<group>"; };
		D987A119D8F94D93B7DA1A75 /* Diagnostic_Motion.h */ = {isa = PBXFileReference; explicitFileType = undefined; fileEncoding = 4; includeInIndex = 0; lastKnownFileType = sourcecode.c.h; name = Diagnostic_Motion.h; path = cordova.plugins.diagnostic/Diagnostic_Motion.h; sourceTree = "<group>"; };
		D9DA6FDFA71148BC94443EAA /* EventKit.framework */ = {isa = PBXFileReference; explicitFileType = undefined; fileEncoding = 9; includeInIndex = 0; lastKnownFileType = wrapper.framework; name = EventKit.framework; path = System/Library/Frameworks/EventKit.framework; sourceTree = SDKROOT; };
		DB33B7ABC58541E39656939E /* AppDelegate+FirebasePlugin.h */ = {isa = PBXFileReference; explicitFileType = undefined; fileEncoding = 4; includeInIndex = 0; lastKnownFileType = sourcecode.c.h; name = "AppDelegate+FirebasePlugin.h"; path = "cordova-plugin-firebasex/AppDelegate+FirebasePlugin.h"; sourceTree = "<group>"; };
		DE8A988F03C94825AAB6EEDA /* CDVLocation.m */ = {isa = PBXFileReference; explicitFileType = undefined; fileEncoding = 4; includeInIndex = 0; lastKnownFileType = sourcecode.c.objc; name = CDVLocation.m; path = "cordova-plugin-geolocation/CDVLocation.m"; sourceTree = "<group>"; };
		E253F53CB3C74F72A77408AA /* CDVConnection.h */ = {isa = PBXFileReference; explicitFileType = undefined; fileEncoding = 4; includeInIndex = 0; lastKnownFileType = sourcecode.c.h; name = CDVConnection.h; path = "cordova-plugin-network-information/CDVConnection.h"; sourceTree = "<group>"; };
		EB87FDF31871DA8E0020F90C /* www */ = {isa = PBXFileReference; lastKnownFileType = folder; name = www; path = ../../www; sourceTree = "<group>"; };
		EB87FDF41871DAF40020F90C /* config.xml */ = {isa = PBXFileReference; lastKnownFileType = text.xml; name = config.xml; path = ../../config.xml; sourceTree = "<group>"; };
		EC8F41F6904F49E0BB59D741 /* Diagnostic.h */ = {isa = PBXFileReference; explicitFileType = undefined; fileEncoding = 4; includeInIndex = 0; lastKnownFileType = sourcecode.c.h; name = Diagnostic.h; path = cordova.plugins.diagnostic/Diagnostic.h; sourceTree = "<group>"; };
		ED33DF2A687741AEAF9F8254 /* Bridging-Header.h */ = {isa = PBXFileReference; fileEncoding = 4; lastKnownFileType = sourcecode.c.h; path = "Bridging-Header.h"; sourceTree = "<group>"; };
		EF1D223D0AEC499FA2F66EB2 /* FirebasePlugin.m */ = {isa = PBXFileReference; explicitFileType = undefined; fileEncoding = 4; includeInIndex = 0; lastKnownFileType = sourcecode.c.objc; name = FirebasePlugin.m; path = "cordova-plugin-firebasex/FirebasePlugin.m"; sourceTree = "<group>"; };
		F1986B67B25847158918A3B7 /* CDVIonicKeyboard.h */ = {isa = PBXFileReference; explicitFileType = undefined; fileEncoding = 4; includeInIndex = 0; lastKnownFileType = sourcecode.c.h; name = CDVIonicKeyboard.h; path = "cordova-plugin-ionic-keyboard/CDVIonicKeyboard.h"; sourceTree = "<group>"; };
		F2A0D166F9614F7AB971FE41 /* Photos.framework */ = {isa = PBXFileReference; explicitFileType = undefined; fileEncoding = 9; includeInIndex = 0; lastKnownFileType = wrapper.framework; name = Photos.framework; path = System/Library/Frameworks/Photos.framework; sourceTree = SDKROOT; };
		F840E1F0165FE0F500CFE078 /* config.xml */ = {isa = PBXFileReference; lastKnownFileType = text.xml; name = config.xml; path = "ЭКАДАШИ/config.xml"; sourceTree = "<group>"; };
/* End PBXFileReference section */

/* Begin PBXFrameworksBuildPhase section */
		1D60588F0D05DD3D006BFB54 /* Frameworks */ = {
			isa = PBXFrameworksBuildPhase;
			buildActionMask = 2147483647;
			files = (
				301BF552109A68D80062928A /* libCordova.a in Frameworks */,
				F27478608D36417DB98D2EC2 /* AuthenticationServices.framework in Frameworks */,
				48D503DD92C0E6D21B4792DA /* Pods________.framework in Frameworks */,
				B6428E06C0C44B9BAD06ED3E /* CoreLocation.framework in Frameworks */,
				8D30B0B852054FE990A35758 /* WebKit.framework in Frameworks */,
				7C013545B55B4851B46014C6 /* SystemConfiguration.framework in Frameworks */,
				F725976C314A4160B09EC6BB /* CoreTelephony.framework in Frameworks */,
				0A2EE581086245BEA4EFE877 /* CoreBluetooth.framework in Frameworks */,
				E88ACA1C49144F538AD68A1E /* Photos.framework in Frameworks */,
				ADDB5CE1185A4E49A3E68371 /* PhotosUI.framework in Frameworks */,
				D123E869DBCF412EBEB98FB5 /* AVFoundation.framework in Frameworks */,
				F1AD864DF6B2412999026209 /* UserNotifications.framework in Frameworks */,
				C5BFF101692C480C99918E5F /* Contacts.framework in Frameworks */,
				5FCEB1D0001E4186B1930C57 /* AddressBook.framework in Frameworks */,
				28E2D5B92AA84779ACFB961A /* EventKit.framework in Frameworks */,
				E8B2E375B57B4BD8B71872C0 /* CoreMotion.framework in Frameworks */,
			);
			runOnlyForDeploymentPostprocessing = 0;
		};
/* End PBXFrameworksBuildPhase section */

/* Begin PBXGroup section */
		122C5173AA6518B060A51294 /* Pods */ = {
			isa = PBXGroup;
			children = (
				306125487D9548F67239DFFF /* Pods-ЭКАДАШИ.debug.xcconfig */,
				9AB08B2817FB200AA3920DD0 /* Pods-ЭКАДАШИ.release.xcconfig */,
			);
			path = Pods;
			sourceTree = "<group>";
		};
		19C28FACFE9D520D11CA2CBB /* Products */ = {
			isa = PBXGroup;
			children = (
				1D6058910D05DD3D006BFB54 /* ЭКАДАШИ.app */,
			);
			name = Products;
			sourceTree = "<group>";
		};
		29B97314FDCFA39411CA2CEA /* CustomTemplate */ = {
			isa = PBXGroup;
			children = (
				EB87FDF41871DAF40020F90C /* config.xml */,
				3047A50E1AB8057F00498E2A /* config */,
				EB87FDF31871DA8E0020F90C /* www */,
				EB87FDF11871DA420020F90C /* Staging */,
				301BF52D109A57CC0062928A /* CordovaLib.xcodeproj */,
				29B97315FDCFA39411CA2CEA /* ЭКАДАШИ */,
				307C750510C5A3420062BCA9 /* Plugins */,
				29B97317FDCFA39411CA2CEA /* Resources */,
				29B97323FDCFA39411CA2CEA /* Frameworks */,
				19C28FACFE9D520D11CA2CBB /* Products */,
				122C5173AA6518B060A51294 /* Pods */,
			);
			name = CustomTemplate;
			sourceTree = "<group>";
		};
		29B97315FDCFA39411CA2CEA /* ЭКАДАШИ */ = {
			isa = PBXGroup;
			children = (
				8D1107310486CEB800E47090 /* ЭКАДАШИ-Info.plist */,
				32CA4F630368D1EE00C91783 /* ЭКАДАШИ-Prefix.pch */,
				6AFF5BF81D6E424B00AB3073 /* CDVLaunchScreen.storyboard */,
				0207DA571B56EA530066E2B4 /* Assets.xcassets */,
				ED33DF2A687741AEAF9F8254 /* Bridging-Header.h */,
				302D95EE14D2391D003F00A1 /* MainViewController.h */,
				302D95EF14D2391D003F00A1 /* MainViewController.m */,
				302D95F014D2391D003F00A1 /* MainViewController.xib */,
				1D3623240D0F684500981E51 /* AppDelegate.h */,
				1D3623250D0F684500981E51 /* AppDelegate.m */,
				29B97316FDCFA39411CA2CEA /* main.m */,
			);
			path = "ЭКАДАШИ";
			sourceTree = "<group>";
		};
		29B97317FDCFA39411CA2CEA /* Resources */ = {
			isa = PBXGroup;
			children = (
				87B54242308E411C93C4837C /* GoogleService-Info.plist */,
			);
			name = Resources;
			path = "ЭКАДАШИ/Resources";
			sourceTree = "<group>";
		};
		29B97323FDCFA39411CA2CEA /* Frameworks */ = {
			isa = PBXGroup;
			children = (
				3FE24D9B41FF4C67BA951281 /* AuthenticationServices.framework */,
				B08676D4B96F2F4F13E2E3DF /* Pods________.framework */,
				01FA1674F7FF4AC5A8075D48 /* CoreLocation.framework */,
				398FE69EF8F44463A8FBBA68 /* WebKit.framework */,
				C9C3F01DA5064F0DB1CD9F52 /* SystemConfiguration.framework */,
				BB0FD3BE328649BE92CB30BA /* CoreTelephony.framework */,
				01A64A4B2847488AAACA110A /* CoreBluetooth.framework */,
				F2A0D166F9614F7AB971FE41 /* Photos.framework */,
				406D2C2040FF4A968077A1CE /* PhotosUI.framework */,
				A0226A6A41A34F4C84298C1F /* AVFoundation.framework */,
				71F5FE28F9594B72B491E0AD /* UserNotifications.framework */,
				C8B74A148220401F87C979DB /* Contacts.framework */,
				31ED8842AA7D4BF38283B414 /* AddressBook.framework */,
				D9DA6FDFA71148BC94443EAA /* EventKit.framework */,
				03FB267B0372440B94AD4A6D /* CoreMotion.framework */,
			);
			name = Frameworks;
			sourceTree = "<group>";
		};
		301BF52E109A57CC0062928A /* Products */ = {
			isa = PBXGroup;
			children = (
				301BF535109A57CC0062928A /* libCordova.a */,
				907D8124214C687600058A10 /* Cordova.framework */,
			);
			name = Products;
			sourceTree = "<group>";
		};
		3047A50E1AB8057F00498E2A /* config */ = {
			isa = PBXGroup;
			children = (
				3047A50F1AB8059700498E2A /* build-debug.xcconfig */,
				3047A5101AB8059700498E2A /* build-release.xcconfig */,
				3047A5111AB8059700498E2A /* build.xcconfig */,
			);
			name = config;
			sourceTree = "<group>";
		};
		307C750510C5A3420062BCA9 /* Plugins */ = {
			isa = PBXGroup;
			children = (
				318AE3FAE9BB4CE69E2EAE32 /* CDVDevice.m */,
				2AB82D8901BB4EA7B82A148F /* CDVDevice.h */,
				6BC15F4B0E054FE182600BE6 /* AppDelegate+FirebasePlugin.m */,
				EF1D223D0AEC499FA2F66EB2 /* FirebasePlugin.m */,
				6B9A76C722B74E5489E8F812 /* FirebasePluginMessageReceiver.m */,
				9144CEF561584334B799165D /* FirebasePluginMessageReceiverManager.m */,
				DB33B7ABC58541E39656939E /* AppDelegate+FirebasePlugin.h */,
				49A14350A5C14077B51515AB /* FirebasePlugin.h */,
				07F45414C4D5475DB41F4F6D /* FirebasePluginMessageReceiver.h */,
				41E82C59067749A8913D3161 /* FirebasePluginMessageReceiverManager.h */,
				DE8A988F03C94825AAB6EEDA /* CDVLocation.m */,
				6762DC48F62A4077A7BE07E1 /* CDVLocation.h */,
				1C1BFEBD0B98416AB06C8B8A /* CDVIonicKeyboard.m */,
				F1986B67B25847158918A3B7 /* CDVIonicKeyboard.h */,
				A177BC2E252E4407BD84B5C5 /* CDVWKWebViewEngine.m */,
				542CA9718F164460A03F2A39 /* CDVWKWebViewUIDelegate.m */,
				02AD2D49AC68403FB3B102BE /* CDVWKProcessPoolFactory.m */,
				A2FC9601EDDC49319207CB97 /* IONAssetHandler.m */,
				C8CDFB57DF2B4D6692DB4D13 /* CDVWKWebViewEngine.h */,
				4EE1ECCF2AAE493FB56FA458 /* CDVWKWebViewUIDelegate.h */,
				213BA23876D246C28B4817AF /* CDVWKProcessPoolFactory.h */,
				99F1BD1E84D546B981E7CE42 /* IONAssetHandler.h */,
				4E3A6B132948458088793713 /* CDVConnection.m */,
				ABDBFE74F6564D5C8354BF2E /* CDVReachability.m */,
				E253F53CB3C74F72A77408AA /* CDVConnection.h */,
				BBBC84B8A5E645238C05E8DB /* CDVReachability.h */,
				85C0C73EA0434AFAAD8ECE20 /* RequestLocationAccuracy.m */,
				85D978CB01384C33AE72453B /* RequestLocationAccuracy.h */,
				8941E924EC1B486C9FE2074D /* CDVStatusBar.m */,
				4EA26DB017894BD9A51FAD15 /* CDVStatusBar.h */,
				77B08983CA78404F807E3818 /* Diagnostic.m */,
				0B3B4602B0524DC7A2C48873 /* Diagnostic_Location.m */,
				5D0B4516018E469088C573AE /* Diagnostic_Bluetooth.m */,
				9C9381A30F3D4EB694D69EA6 /* Diagnostic_Wifi.m */,
				59999A0FC2BF47D6A9DE49D6 /* Diagnostic_Camera.m */,
				C2E5E3F6C15C47779EEC8CB3 /* Diagnostic_Notifications.m */,
				25D3CBF3F1974522BA079009 /* Diagnostic_Microphone.m */,
				573933FF7A614C749E183D26 /* Diagnostic_Contacts.m */,
				6A5C33C3528B4A3587ED0D2B /* Diagnostic_Calendar.m */,
				33C4DC4A8581460C833C662C /* Diagnostic_Reminders.m */,
				42EB76EAFED04EF6A483D025 /* Diagnostic_Motion.m */,
				EC8F41F6904F49E0BB59D741 /* Diagnostic.h */,
				2066FEA85BCA410C97C945E3 /* Diagnostic_Location.h */,
				B9C46C5AB71E4EEBBC461B68 /* Diagnostic_Bluetooth.h */,
				C01EDFBA344A46049B138245 /* Diagnostic_Wifi.h */,
				585553DF59314D0499432C0F /* Diagnostic_Camera.h */,
				48C3721827ED4641BE669B6F /* Diagnostic_Notifications.h */,
				B69DE23D927A4F14B5C6A922 /* Diagnostic_Microphone.h */,
				07220E88637146DB808B105C /* Diagnostic_Contacts.h */,
				CE0121507CD44302BC0FDE7D /* Diagnostic_Calendar.h */,
				4B82611DA34745DCA09AD625 /* Diagnostic_Reminders.h */,
				D987A119D8F94D93B7DA1A75 /* Diagnostic_Motion.h */,
			);
			name = Plugins;
			path = "ЭКАДАШИ/Plugins";
			sourceTree = SOURCE_ROOT;
		};
		EB87FDF11871DA420020F90C /* Staging */ = {
			isa = PBXGroup;
			children = (
				F840E1F0165FE0F500CFE078 /* config.xml */,
				301BF56E109A69640062928A /* www */,
			);
			name = Staging;
			sourceTree = "<group>";
		};
/* End PBXGroup section */

/* Begin PBXNativeTarget section */
		1D6058900D05DD3D006BFB54 /* ЭКАДАШИ */ = {
			isa = PBXNativeTarget;
			buildConfigurationList = 1D6058960D05DD3E006BFB54 /* Build configuration list for PBXNativeTarget "ЭКАДАШИ" */;
			buildPhases = (
				F71F129C110CABFF0D3B6275 /* [CP] Check Pods Manifest.lock */,
				857339E32710CC9700A1C74C /* Copy Staging Resources */,
				1D60588D0D05DD3D006BFB54 /* Resources */,
				1D60588E0D05DD3D006BFB54 /* Sources */,
				1D60588F0D05DD3D006BFB54 /* Frameworks */,
				80D4EFED00E663439F175E10 /* [CP] Embed Pods Frameworks */,
				9901E31F7DB4E10C910CF59E /* [CP] Copy Pods Resources */,
				798C1C2399454EC69C9BBD2A /* Crashlytics */,
			);
			buildRules = (
			);
			dependencies = (
				301BF551109A68C00062928A /* PBXTargetDependency */,
			);
			name = "ЭКАДАШИ";
			productName = "ЭКАДАШИ";
			productReference = 1D6058910D05DD3D006BFB54 /* ЭКАДАШИ.app */;
			productType = "com.apple.product-type.application";
		};
/* End PBXNativeTarget section */

/* Begin PBXProject section */
		29B97313FDCFA39411CA2CEA /* Project object */ = {
			isa = PBXProject;
			attributes = {
				LastUpgradeCheck = 1420;
				TargetAttributes = {
					1D6058900D05DD3D006BFB54 = {
						ProvisioningStyle = Automatic;
					};
				};
			};
			buildConfigurationList = C01FCF4E08A954540054247B /* Build configuration list for PBXProject "ЭКАДАШИ" */;
			compatibilityVersion = "Xcode 11.0";
			developmentRegion = en;
			hasScannedForEncodings = 1;
			knownRegions = (
				en,
				Base,
			);
			mainGroup = 29B97314FDCFA39411CA2CEA /* CustomTemplate */;
			productRefGroup = 19C28FACFE9D520D11CA2CBB /* Products */;
			projectDirPath = "";
			projectReferences = (
				{
					ProductGroup = 301BF52E109A57CC0062928A /* Products */;
					ProjectRef = 301BF52D109A57CC0062928A /* CordovaLib.xcodeproj */;
				},
			);
			projectRoot = "";
			targets = (
				1D6058900D05DD3D006BFB54 /* ЭКАДАШИ */,
			);
		};
/* End PBXProject section */

/* Begin PBXReferenceProxy section */
		301BF535109A57CC0062928A /* libCordova.a */ = {
			isa = PBXReferenceProxy;
			fileType = archive.ar;
			path = libCordova.a;
			remoteRef = 301BF534109A57CC0062928A /* PBXContainerItemProxy */;
			sourceTree = BUILT_PRODUCTS_DIR;
		};
		907D8124214C687600058A10 /* Cordova.framework */ = {
			isa = PBXReferenceProxy;
			fileType = wrapper.framework;
			path = Cordova.framework;
			remoteRef = 907D8123214C687600058A10 /* PBXContainerItemProxy */;
			sourceTree = BUILT_PRODUCTS_DIR;
		};
/* End PBXReferenceProxy section */

/* Begin PBXResourcesBuildPhase section */
		1D60588D0D05DD3D006BFB54 /* Resources */ = {
			isa = PBXResourcesBuildPhase;
			buildActionMask = 2147483647;
			files = (
				302D95F214D2391D003F00A1 /* MainViewController.xib in Resources */,
				0207DA581B56EA530066E2B4 /* Assets.xcassets in Resources */,
				6AFF5BF91D6E424B00AB3073 /* CDVLaunchScreen.storyboard in Resources */,
				A3ED1DE0B1F44400953E2DB5 /* GoogleService-Info.plist in Resources */,
			);
			runOnlyForDeploymentPostprocessing = 0;
		};
/* End PBXResourcesBuildPhase section */

/* Begin PBXShellScriptBuildPhase section */
		798C1C2399454EC69C9BBD2A /* Crashlytics */ = {
			isa = PBXShellScriptBuildPhase;
			buildActionMask = 2147483647;
			files = (
			);
			inputPaths = (
				"$(BUILT_PRODUCTS_DIR)/$(INFOPLIST_PATH)",
			);
			name = Crashlytics;
			outputPaths = (
			);
			runOnlyForDeploymentPostprocessing = 0;
			shellPath = /bin/sh;
			shellScript = "\"${PODS_ROOT}/FirebaseCrashlytics/run\"";
			showEnvVarsInLog = 0;
		};
		80D4EFED00E663439F175E10 /* [CP] Embed Pods Frameworks */ = {
			isa = PBXShellScriptBuildPhase;
			buildActionMask = 2147483647;
			files = (
			);
			inputFileListPaths = (
				"${PODS_ROOT}/Target Support Files/Pods-ЭКАДАШИ/Pods-ЭКАДАШИ-frameworks-${CONFIGURATION}-input-files.xcfilelist",
			);
			name = "[CP] Embed Pods Frameworks";
			outputFileListPaths = (
				"${PODS_ROOT}/Target Support Files/Pods-ЭКАДАШИ/Pods-ЭКАДАШИ-frameworks-${CONFIGURATION}-output-files.xcfilelist",
			);
			runOnlyForDeploymentPostprocessing = 0;
			shellPath = /bin/sh;
			shellScript = "\"${PODS_ROOT}/Target Support Files/Pods-ЭКАДАШИ/Pods-ЭКАДАШИ-frameworks.sh\"\n";
			showEnvVarsInLog = 0;
		};
		9901E31F7DB4E10C910CF59E /* [CP] Copy Pods Resources */ = {
			isa = PBXShellScriptBuildPhase;
			buildActionMask = 2147483647;
			files = (
			);
			inputFileListPaths = (
				"${PODS_ROOT}/Target Support Files/Pods-ЭКАДАШИ/Pods-ЭКАДАШИ-resources-${CONFIGURATION}-input-files.xcfilelist",
			);
			name = "[CP] Copy Pods Resources";
			outputFileListPaths = (
				"${PODS_ROOT}/Target Support Files/Pods-ЭКАДАШИ/Pods-ЭКАДАШИ-resources-${CONFIGURATION}-output-files.xcfilelist",
			);
			runOnlyForDeploymentPostprocessing = 0;
			shellPath = /bin/sh;
			shellScript = "\"${PODS_ROOT}/Target Support Files/Pods-ЭКАДАШИ/Pods-ЭКАДАШИ-resources.sh\"\n";
			showEnvVarsInLog = 0;
		};
		F71F129C110CABFF0D3B6275 /* [CP] Check Pods Manifest.lock */ = {
			isa = PBXShellScriptBuildPhase;
			buildActionMask = 2147483647;
			files = (
			);
			inputFileListPaths = (
			);
			inputPaths = (
				"${PODS_PODFILE_DIR_PATH}/Podfile.lock",
				"${PODS_ROOT}/Manifest.lock",
			);
			name = "[CP] Check Pods Manifest.lock";
			outputFileListPaths = (
			);
			outputPaths = (
				"$(DERIVED_FILE_DIR)/Pods-ЭКАДАШИ-checkManifestLockResult.txt",
			);
			runOnlyForDeploymentPostprocessing = 0;
			shellPath = /bin/sh;
			shellScript = "diff \"${PODS_PODFILE_DIR_PATH}/Podfile.lock\" \"${PODS_ROOT}/Manifest.lock\" > /dev/null\nif [ $? != 0 ] ; then\n    # print error to STDERR\n    echo \"error: The sandbox is not in sync with the Podfile.lock. Run 'pod install' or update your CocoaPods installation.\" >&2\n    exit 1\nfi\n# This output is used by Xcode 'outputs' to avoid re-running this script phase.\necho \"SUCCESS\" > \"${SCRIPT_OUTPUT_FILE_0}\"\n";
			showEnvVarsInLog = 0;
		};
/* End PBXShellScriptBuildPhase section */

/* Begin PBXSourcesBuildPhase section */
		1D60588E0D05DD3D006BFB54 /* Sources */ = {
			isa = PBXSourcesBuildPhase;
			buildActionMask = 2147483647;
			files = (
				1D60589B0D05DD56006BFB54 /* main.m in Sources */,
				1D3623260D0F684500981E51 /* AppDelegate.m in Sources */,
				302D95F114D2391D003F00A1 /* MainViewController.m in Sources */,
				F3C7A553E46E4F84AD9C803C /* CDVDevice.m in Sources */,
				EAD82C412B4D4F45B4322EF4 /* AppDelegate+FirebasePlugin.m in Sources */,
				6F58C82804724AD1849E82A5 /* FirebasePlugin.m in Sources */,
				902EED88179F4B4F90680397 /* FirebasePluginMessageReceiver.m in Sources */,
				8F552764BC91477082AE440A /* FirebasePluginMessageReceiverManager.m in Sources */,
				76932D6731214A84B5E0F8A3 /* CDVLocation.m in Sources */,
				F1DF63FF07054059819C03C9 /* CDVIonicKeyboard.m in Sources */,
				E78EF11E3A764EEF8F2CB92F /* CDVWKWebViewEngine.m in Sources */,
				0F42D7E9A28046AD9CF460BA /* CDVWKWebViewUIDelegate.m in Sources */,
				68871110E1FB4CC785FD62C0 /* CDVWKProcessPoolFactory.m in Sources */,
				CB1E91D04C8641869E935F15 /* IONAssetHandler.m in Sources */,
				5E0AAECA90C442BFAF2D4160 /* CDVConnection.m in Sources */,
				652AE9CD021942A9A4105DE5 /* CDVReachability.m in Sources */,
				8EBA432BFC4D4A94B9B219C6 /* RequestLocationAccuracy.m in Sources */,
				5305815E3EB846B994448AA6 /* CDVStatusBar.m in Sources */,
				3A5A46FB3F0B475DB4331C66 /* Diagnostic.m in Sources */,
				BD8F5B13AB0348D48D48422F /* Diagnostic_Location.m in Sources */,
				0128F2D2AA8E43D7ABA3F00C /* Diagnostic_Bluetooth.m in Sources */,
				D147C2B744AD4E1D9A6048BF /* Diagnostic_Wifi.m in Sources */,
				EACE269E7ED64F61A833FB35 /* Diagnostic_Camera.m in Sources */,
				21734A3319A74522B07A644C /* Diagnostic_Notifications.m in Sources */,
				BC9B41426FB844E2A5DC1359 /* Diagnostic_Microphone.m in Sources */,
				4E5D809796C046F499860D3D /* Diagnostic_Contacts.m in Sources */,
				716FCEDA789B46D7A5D9B564 /* Diagnostic_Calendar.m in Sources */,
				CCF14EB3570C4B2EBF1B3713 /* Diagnostic_Reminders.m in Sources */,
				327B69BD92FC489996237EA8 /* Diagnostic_Motion.m in Sources */,
			);
			runOnlyForDeploymentPostprocessing = 0;
		};
/* End PBXSourcesBuildPhase section */

/* Begin PBXTargetDependency section */
		301BF551109A68C00062928A /* PBXTargetDependency */ = {
			isa = PBXTargetDependency;
			name = CordovaLib;
			targetProxy = 301BF550109A68C00062928A /* PBXContainerItemProxy */;
		};
/* End PBXTargetDependency section */

/* Begin XCBuildConfiguration section */
		1D6058940D05DD3E006BFB54 /* Debug */ = {
			isa = XCBuildConfiguration;
			baseConfigurationReference = 3047A50F1AB8059700498E2A /* build-debug.xcconfig */;
			buildSettings = {
				ALWAYS_EMBED_SWIFT_STANDARD_LIBRARIES = YES;
				ALWAYS_SEARCH_USER_PATHS = NO;
				ASSETCATALOG_COMPILER_APPICON_NAME = AppIcon;
				CLANG_ENABLE_MODULES = YES;
				CLANG_ENABLE_OBJC_ARC = YES;
				COPY_PHASE_STRIP = NO;
				DEVELOPMENT_TEAM = 99K3GM26Y8;
				GCC_DYNAMIC_NO_PIC = NO;
				GCC_OPTIMIZATION_LEVEL = 0;
				GCC_PRECOMPILE_PREFIX_HEADER = YES;
				GCC_PREFIX_HEADER = "ЭКАДАШИ/ЭКАДАШИ-Prefix.pch";
				GCC_THUMB_SUPPORT = NO;
				GCC_VERSION = "";
				INFOPLIST_FILE = "ЭКАДАШИ/ЭКАДАШИ-Info.plist";
				INFOPLIST_KEY_LSApplicationCategoryType = "public.app-category.lifestyle";
				IPHONEOS_DEPLOYMENT_TARGET = 11.0;
				LD_RUNPATH_SEARCH_PATHS = "$(inherited) @executable_path/Frameworks";
				PRODUCT_BUNDLE_IDENTIFIER = haribol.ekadasi.app;
				PRODUCT_NAME = "$(TARGET_NAME)";
				SUPPORTS_MACCATALYST = YES;
				TARGETED_DEVICE_FAMILY = "1,2";
				VALIDATE_WORKSPACE = NO;
			};
			name = Debug;
		};
		1D6058950D05DD3E006BFB54 /* Release */ = {
			isa = XCBuildConfiguration;
			baseConfigurationReference = 3047A5101AB8059700498E2A /* build-release.xcconfig */;
			buildSettings = {
				ALWAYS_EMBED_SWIFT_STANDARD_LIBRARIES = YES;
				ALWAYS_SEARCH_USER_PATHS = NO;
				ASSETCATALOG_COMPILER_APPICON_NAME = AppIcon;
				CLANG_ENABLE_MODULES = YES;
				CLANG_ENABLE_OBJC_ARC = YES;
				COPY_PHASE_STRIP = YES;
				DEVELOPMENT_TEAM = 99K3GM26Y8;
				GCC_PRECOMPILE_PREFIX_HEADER = YES;
				GCC_PREFIX_HEADER = "ЭКАДАШИ/ЭКАДАШИ-Prefix.pch";
				GCC_THUMB_SUPPORT = NO;
				GCC_VERSION = "";
				INFOPLIST_FILE = "ЭКАДАШИ/ЭКАДАШИ-Info.plist";
				INFOPLIST_KEY_LSApplicationCategoryType = "public.app-category.lifestyle";
				IPHONEOS_DEPLOYMENT_TARGET = 11.0;
				LD_RUNPATH_SEARCH_PATHS = "$(inherited) @executable_path/Frameworks";
				PRODUCT_BUNDLE_IDENTIFIER = haribol.ekadasi.app;
				PRODUCT_NAME = "$(TARGET_NAME)";
				SUPPORTS_MACCATALYST = YES;
				TARGETED_DEVICE_FAMILY = "1,2";
				VALIDATE_WORKSPACE = NO;
			};
			name = Release;
		};
		C01FCF4F08A954540054247B /* Debug */ = {
			isa = XCBuildConfiguration;
			baseConfigurationReference = 3047A5111AB8059700498E2A /* build.xcconfig */;
			buildSettings = {
				CLANG_ANALYZER_LOCALIZABILITY_NONLOCALIZED = YES;
				CLANG_ENABLE_MODULES = YES;
				CLANG_ENABLE_OBJC_ARC = YES;
				CLANG_WARN_BLOCK_CAPTURE_AUTORELEASING = YES;
				CLANG_WARN_BOOL_CONVERSION = YES;
				CLANG_WARN_COMMA = YES;
				CLANG_WARN_CONSTANT_CONVERSION = YES;
				CLANG_WARN_DEPRECATED_OBJC_IMPLEMENTATIONS = YES;
				CLANG_WARN_EMPTY_BODY = YES;
				CLANG_WARN_ENUM_CONVERSION = YES;
				CLANG_WARN_INFINITE_RECURSION = YES;
				CLANG_WARN_INT_CONVERSION = YES;
				CLANG_WARN_NON_LITERAL_NULL_CONVERSION = YES;
				CLANG_WARN_OBJC_IMPLICIT_RETAIN_SELF = YES;
				CLANG_WARN_OBJC_LITERAL_CONVERSION = YES;
				CLANG_WARN_QUOTED_INCLUDE_IN_FRAMEWORK_HEADER = YES;
				CLANG_WARN_RANGE_LOOP_ANALYSIS = YES;
				CLANG_WARN_STRICT_PROTOTYPES = YES;
				CLANG_WARN_SUSPICIOUS_MOVE = YES;
				CLANG_WARN_UNREACHABLE_CODE = YES;
				CLANG_WARN__DUPLICATE_METHOD_MATCH = YES;
				ENABLE_STRICT_OBJC_MSGSEND = YES;
				ENABLE_TESTABILITY = YES;
				ENABLE_USER_SCRIPT_SANDBOXING = NO;
				GCC_C_LANGUAGE_STANDARD = c99;
				GCC_NO_COMMON_BLOCKS = YES;
				GCC_THUMB_SUPPORT = NO;
				GCC_VERSION = "";
				GCC_WARN_64_TO_32_BIT_CONVERSION = YES;
				GCC_WARN_ABOUT_RETURN_TYPE = YES;
				GCC_WARN_UNDECLARED_SELECTOR = YES;
				GCC_WARN_UNINITIALIZED_AUTOS = YES;
				GCC_WARN_UNUSED_FUNCTION = YES;
				GCC_WARN_UNUSED_VARIABLE = YES;
				IPHONEOS_DEPLOYMENT_TARGET = 11.0;
				LD_RUNPATH_SEARCH_PATHS = "$(inherited) @executable_path/Frameworks";
				MERGED_BINARY_TYPE = automatic;
				ONLY_ACTIVE_ARCH = YES;
				SDKROOT = iphoneos;
				SKIP_INSTALL = NO;
				WK_WEB_VIEW_ONLY = 1;
			};
			name = Debug;
		};
		C01FCF5008A954540054247B /* Release */ = {
			isa = XCBuildConfiguration;
			baseConfigurationReference = 3047A5111AB8059700498E2A /* build.xcconfig */;
			buildSettings = {
				CLANG_ANALYZER_LOCALIZABILITY_NONLOCALIZED = YES;
				CLANG_ENABLE_MODULES = YES;
				CLANG_ENABLE_OBJC_ARC = YES;
				CLANG_WARN_BLOCK_CAPTURE_AUTORELEASING = YES;
				CLANG_WARN_BOOL_CONVERSION = YES;
				CLANG_WARN_COMMA = YES;
				CLANG_WARN_CONSTANT_CONVERSION = YES;
				CLANG_WARN_DEPRECATED_OBJC_IMPLEMENTATIONS = YES;
				CLANG_WARN_EMPTY_BODY = YES;
				CLANG_WARN_ENUM_CONVERSION = YES;
				CLANG_WARN_INFINITE_RECURSION = YES;
				CLANG_WARN_INT_CONVERSION = YES;
				CLANG_WARN_NON_LITERAL_NULL_CONVERSION = YES;
				CLANG_WARN_OBJC_IMPLICIT_RETAIN_SELF = YES;
				CLANG_WARN_OBJC_LITERAL_CONVERSION = YES;
				CLANG_WARN_QUOTED_INCLUDE_IN_FRAMEWORK_HEADER = YES;
				CLANG_WARN_RANGE_LOOP_ANALYSIS = YES;
				CLANG_WARN_STRICT_PROTOTYPES = YES;
				CLANG_WARN_SUSPICIOUS_MOVE = YES;
				CLANG_WARN_UNREACHABLE_CODE = YES;
				CLANG_WARN__DUPLICATE_METHOD_MATCH = YES;
				ENABLE_STRICT_OBJC_MSGSEND = YES;
				ENABLE_USER_SCRIPT_SANDBOXING = NO;
				GCC_C_LANGUAGE_STANDARD = c99;
				GCC_NO_COMMON_BLOCKS = YES;
				GCC_THUMB_SUPPORT = NO;
				GCC_VERSION = "";
				GCC_WARN_64_TO_32_BIT_CONVERSION = YES;
				GCC_WARN_ABOUT_RETURN_TYPE = YES;
				GCC_WARN_UNDECLARED_SELECTOR = YES;
				GCC_WARN_UNINITIALIZED_AUTOS = YES;
				GCC_WARN_UNUSED_FUNCTION = YES;
				GCC_WARN_UNUSED_VARIABLE = YES;
				IPHONEOS_DEPLOYMENT_TARGET = 11.0;
				LD_RUNPATH_SEARCH_PATHS = "$(inherited) @executable_path/Frameworks";
				MERGED_BINARY_TYPE = automatic;
				SDKROOT = iphoneos;
				SKIP_INSTALL = NO;
				WK_WEB_VIEW_ONLY = 1;
			};
			name = Release;
		};
/* End XCBuildConfiguration section */

/* Begin XCConfigurationList section */
		1D6058960D05DD3E006BFB54 /* Build configuration list for PBXNativeTarget "ЭКАДАШИ" */ = {
			isa = XCConfigurationList;
			buildConfigurations = (
				1D6058940D05DD3E006BFB54 /* Debug */,
				1D6058950D05DD3E006BFB54 /* Release */,
			);
			defaultConfigurationIsVisible = 0;
			defaultConfigurationName = Release;
		};
		C01FCF4E08A954540054247B /* Build configuration list for PBXProject "ЭКАДАШИ" */ = {
			isa = XCConfigurationList;
			buildConfigurations = (
				C01FCF4F08A954540054247B /* Debug */,
				C01FCF5008A954540054247B /* Release */,
			);
			defaultConfigurationIsVisible = 0;
			defaultConfigurationName = Release;
		};
/* End XCConfigurationList section */
	};
	rootObject = 29B97313FDCFA39411CA2CEA /* Project object */;
}
